
Microsoft Visual Studio Solution File, Format Version 12.00
# Visual Studio Version 16
VisualStudioVersion = 16.0.30225.117
MinimumVisualStudioVersion = 10.0.40219.1
Project("{FAE04EC0-301F-11D3-BF4B-00C04F79EFBC}") = "mndp", "mndp\mndp.csproj", "{319ADE9B-7E73-4909-B19D-DACA7E5C429F}"
EndProject
Global
	GlobalSection(SolutionConfigurationPlatforms) = preSolution
		Debug|Any CPU = Debug|Any CPU
		Release|Any CPU = Release|Any CPU
	EndGlobalSection
	GlobalSection(ProjectConfigurationPlatforms) = postSolution
		{319ADE9B-7E73-4909-B19D-DACA7E5C429F}.Debug|Any CPU.ActiveCfg = Debug|Any CPU
		{319ADE9B-7E73-4909-B19D-DACA7E5C429F}.Debug|Any CPU.Build.0 = Debug|Any CPU
		{319ADE9B-7E73-4909-B19D-DACA7E5C429F}.Release|Any CPU.ActiveCfg = Release|Any CPU
		{319ADE9B-7E73-4909-B19D-DACA7E5C429F}.Release|Any CPU.Build.0 = Release|Any CPU
	EndGlobalSection
	GlobalSection(SolutionProperties) = preSolution
		HideSolutionNode = FALSE
	EndGlobalSection
	GlobalSection(ExtensibilityGlobals) = postSolution
		SolutionGuid = {C52DF114-7AA0-4D67-A4D1-5F6FE1DEFF92}
	EndGlobalSection
EndGlobal
